
Microsoft Visual Studio Solution File, Format Version 12.00
# Visual Studio Version 17
VisualStudioVersion = 17.7.34221.43
MinimumVisualStudioVersion = 10.0.40219.1
Project("{FAE04EC0-301F-11D3-BF4B-00C04F79EFBC}") = "Basics of programming", "Basics of programming\Basics of programming.csproj", "{87713F4F-EF12-45BA-BED4-0E7AAF78F95E}"
EndProject
Global
	GlobalSection(SolutionConfigurationPlatforms) = preSolution
		Debug|Any CPU = Debug|Any CPU
		Release|Any CPU = Release|Any CPU
	EndGlobalSection
	GlobalSection(ProjectConfigurationPlatforms) = postSolution
		{87713F4F-EF12-45BA-BED4-0E7AAF78F95E}.Debug|Any CPU.ActiveCfg = Debug|Any CPU
		{87713F4F-EF12-45BA-BED4-0E7AAF78F95E}.Debug|Any CPU.Build.0 = Debug|Any CPU
		{87713F4F-EF12-45BA-BED4-0E7AAF78F95E}.Release|Any CPU.ActiveCfg = Release|Any CPU
		{87713F4F-EF12-45BA-BED4-0E7AAF78F95E}.Release|Any CPU.Build.0 = Release|Any CPU
	EndGlobalSection
	GlobalSection(SolutionProperties) = preSolution
		HideSolutionNode = FALSE
	EndGlobalSection
	GlobalSection(ExtensibilityGlobals) = postSolution
		SolutionGuid = {09F3C95E-E74F-4FFB-8DED-A94BEC1C95AD}
	EndGlobalSection
EndGlobal
